{
  "name": "juego",
  "version": "1.0.0",
  "lockfileVersion": 3,
  "requires": true,
  "packages": {
    "": {
      "name": "juego",
      "version": "1.0.0",
      "license": "ISC",
      "dependencies": {
        "konva": "^9.2.3"
      }
    },
    "node_modules/konva": {
      "version": "9.2.3",
      "resolved": "https://registry.npmjs.org/konva/-/konva-9.2.3.tgz",
      "integrity": "sha512-oQ6VQ6kUL9IlhOGuEKKhxqnv6g/t8jZpVuWahQQ6hCqAsO8Ydi1zFGv7ef4EOq5GoPNq/d6Fyj/3i5Y/a5NooA==",
      "funding": [
        {
          "type": "patreon",
          "url": "https://www.patreon.com/lavrton"
        },
        {
          "type": "opencollective",
          "url": "https://opencollective.com/konva"
        },
        {
          "type": "github",
          "url": "https://github.com/sponsors/lavrton"
        }
      ]
    }
  }
}
